{
  "name": "@tsb/deno-gdk-auth0-explorer",
  "version": "0.1.0",
  "lockfileVersion": 1,
  "requires": true,
  "dependencies": {
    "deno_ls_plugin": {
      "version": "0.1.0",
      "resolved": "https://registry.npmjs.org/deno_ls_plugin/-/deno_ls_plugin-0.1.0.tgz",
      "integrity": "sha512-mUV2q6Alx3p1B21R5yVIc/wmeCcPftz/CcbsY0kbV/djyFRLZU/Gqmn6sqvMCm2zb+suHinPE99QhySIFuz5hw=="
    },
    "typescript": {
      "version": "3.9.10",
      "resolved": "https://registry.npmjs.org/typescript/-/typescript-3.9.10.tgz",
      "integrity": "sha512-w6fIxVE/H1PkLKcCPsFqKE7Kv7QUwhU8qQY2MueZXWx5cPZdwFupLgKK3vntcK98BtNHZtAF4LA/yl2a7k8R6Q=="
    }
  }
}
